
Microsoft Visual Studio Solution File, Format Version 12.00
# Visual Studio Version 17
VisualStudioVersion = 17.4.33205.214
MinimumVisualStudioVersion = 10.0.40219.1
Project("{FAE04EC0-301F-11D3-BF4B-00C04F79EFBC}") = "MédiaArray", "MédiaArray\MédiaArray.csproj", "{34437C9C-6523-4469-AD56-22D538A4E423}"
EndProject
Global
	GlobalSection(SolutionConfigurationPlatforms) = preSolution
		Debug|Any CPU = Debug|Any CPU
		Release|Any CPU = Release|Any CPU
	EndGlobalSection
	GlobalSection(ProjectConfigurationPlatforms) = postSolution
		{34437C9C-6523-4469-AD56-22D538A4E423}.Debug|Any CPU.ActiveCfg = Debug|Any CPU
		{34437C9C-6523-4469-AD56-22D538A4E423}.Debug|Any CPU.Build.0 = Debug|Any CPU
		{34437C9C-6523-4469-AD56-22D538A4E423}.Release|Any CPU.ActiveCfg = Release|Any CPU
		{34437C9C-6523-4469-AD56-22D538A4E423}.Release|Any CPU.Build.0 = Release|Any CPU
	EndGlobalSection
	GlobalSection(SolutionProperties) = preSolution
		HideSolutionNode = FALSE
	EndGlobalSection
	GlobalSection(ExtensibilityGlobals) = postSolution
		SolutionGuid = {C29371A4-1B8E-4B39-BA9C-A7B51A6957B3}
	EndGlobalSection
EndGlobal
